{
  "version": 2,
  "dependencies": {
    "net10.0": {
      "AsyncFixer": {
        "type": "Direct",
        "requested": "[1.6.0, )",
        "resolved": "1.6.0",
        "contentHash": "/Xfs9H3UMfEv64cwT+C/JrTRp4w08BmPuFbj0ageadCHpx6rxYJxAU2C6sEqRFG22xmGk5cX9ewzoiiehWVHOw=="
      },
      "DotNetProjectFile.Analyzers": {
        "type": "Direct",
        "requested": "[1.8.0, )",
        "resolved": "1.8.0",
        "contentHash": "Gtu1uwGjnzKe8YbBGzdghpaZAe3O3jpSd5Z49xTmGYYXdoHVdrHNZCGHTHlytRAFsTa5GhjYfbepAUItwqyVdQ=="
      },
      "Microsoft.CodeAnalysis.CSharp": {
        "type": "Direct",
        "requested": "[4.14.0, )",
        "resolved": "4.14.0",
        "contentHash": "568a6wcTivauIhbeWcCwfWwIn7UV7MeHEBvFB2uzGIpM2OhJ4eM/FZ8KS0yhPoNxnSpjGzz7x7CIjTxhslojQA==",
        "dependencies": {
          "Microsoft.CodeAnalysis.Analyzers": "3.11.0",
          "Microsoft.CodeAnalysis.Common": "[4.14.0]"
        }
      },
      "Qowaiv.Analyzers.CSharp": {
        "type": "Direct",
        "requested": "[2.0.6, )",
        "resolved": "2.0.6",
        "contentHash": "uNtEBAOmaqh6ghml5BGXG8HW09kX4Boih93mYrfWp76sw5zB9z395Ogr/lHlEZTTJBxzVQglHUno+4/YDWjSJQ=="
      },
      "Qowaiv.CodeGeneration.SingleValueObjects": {
        "type": "Direct",
        "requested": "[1.1.5, )",
        "resolved": "1.1.5",
        "contentHash": "ASBWAoAuOIwJ/Ln/PA8ntaxdywLKMqUCbU4oeDHVhWTyyDklhNgPj5bYGiOfWJbQJZuEkB6hwvUKbFiW1x/c1w=="
      },
      "Qowaiv.Diagnostics.Contracts": {
        "type": "Direct",
        "requested": "[2.0.6, )",
        "resolved": "2.0.6",
        "contentHash": "baPTMJTai/ePdLJhdUEZ4uwtLIavyEBWEOBYazoPtl3bySy+jNa29YbCEpzIp5zaAUwpsXVCzBdR+95eh7Os6A=="
      },
      "SonarAnalyzer.CSharp": {
        "type": "Direct",
        "requested": "[10.15.0.120848, )",
        "resolved": "10.15.0.120848",
        "contentHash": "1hM3HVRl5jdC/ZBDu+G7CCYLXRGe/QaP01Zy+c9ETPhY7lWD8g8HiefY6sGaH0T3CJ4wAy0/waGgQTh0TYy0oQ=="
      },
      "StyleCop.Analyzers.Unstable": {
        "type": "Direct",
        "requested": "[1.2.0.556, )",
        "resolved": "1.2.0.556",
        "contentHash": "zvn9Mqs/ox/83cpYPignI8hJEM2A93s2HkHs8HYMOAQW0PkampyoErAiIyKxgTLqbbad29HX/shv/6LGSjPJNQ=="
      },
      "Humanizer.Core": {
        "type": "Transitive",
        "resolved": "2.14.1",
        "contentHash": "lQKvtaTDOXnoVJ20ibTuSIOf2i0uO0MPbDhd1jm238I+U/2ZnRENj0cktKZhtchBMtCUSRQ5v4xBCUbKNmyVMw=="
      },
      "Microsoft.Bcl.AsyncInterfaces": {
        "type": "Transitive",
        "resolved": "9.0.0",
        "contentHash": "owmu2Cr3IQ8yQiBleBHlGk8dSQ12oaF2e7TpzwJKEl4m84kkZJjEY1n33L67Y3zM5jPOjmmbdHjbfiL0RqcMRQ=="
      },
      "Microsoft.CodeAnalysis.Analyzers": {
        "type": "Transitive",
        "resolved": "3.11.0",
        "contentHash": "v/EW3UE8/lbEYHoC2Qq7AR/DnmvpgdtAMndfQNmpuIMx/Mto8L5JnuCfdBYtgvalQOtfNCnxFejxuRrryvUTsg=="
      },
      "Microsoft.CodeAnalysis.CSharp.Workspaces": {
        "type": "Transitive",
        "resolved": "4.14.0",
        "contentHash": "QkgCEM4qJo6gdtblXtNgHqtykS61fxW+820hx5JN6n9DD4mQtqNB+6fPeJ3GQWg6jkkGz6oG9yZq7H3Gf0zwYw==",
        "dependencies": {
          "Humanizer.Core": "2.14.1",
          "Microsoft.CodeAnalysis.Analyzers": "3.11.0",
          "Microsoft.CodeAnalysis.CSharp": "[4.14.0]",
          "Microsoft.CodeAnalysis.Common": "[4.14.0]",
          "Microsoft.CodeAnalysis.Workspaces.Common": "[4.14.0]",
          "System.Composition": "9.0.0"
        }
      },
      "Microsoft.CodeAnalysis.VisualBasic": {
        "type": "Transitive",
        "resolved": "4.14.0",
        "contentHash": "AVGOptT9LlETb6BjTkK58XHi1xx7XO8KLbtpPfpwjNckoYoCgdkFz/LS1LfhE1Sq/OTqToqpBUJ48FvVhdKHeA==",
        "dependencies": {
          "Microsoft.CodeAnalysis.Analyzers": "3.11.0",
          "Microsoft.CodeAnalysis.Common": "[4.14.0]"
        }
      },
      "Microsoft.CodeAnalysis.VisualBasic.Workspaces": {
        "type": "Transitive",
        "resolved": "4.14.0",
        "contentHash": "fT9lTVerQJRTeGcN5aDcK05XccuWeAyCa+hbMUnRYg2qdwNuBwYjZRdjOICQmiWgka7MOyF9DQeXosad5s1Jpg==",
        "dependencies": {
          "Humanizer.Core": "2.14.1",
          "Microsoft.CodeAnalysis.Analyzers": "3.11.0",
          "Microsoft.CodeAnalysis.Common": "[4.14.0]",
          "Microsoft.CodeAnalysis.VisualBasic": "[4.14.0]",
          "Microsoft.CodeAnalysis.Workspaces.Common": "[4.14.0]",
          "System.Composition": "9.0.0"
        }
      },
      "Microsoft.CodeAnalysis.Workspaces.Common": {
        "type": "Transitive",
        "resolved": "4.14.0",
        "contentHash": "wNVK9JrqjqDC/WgBUFV6henDfrW87NPfo98nzah/+M/G1D6sBOPtXwqce3UQNn+6AjTnmkHYN1WV9XmTlPemTw==",
        "dependencies": {
          "Humanizer.Core": "2.14.1",
          "Microsoft.CodeAnalysis.Analyzers": "3.11.0",
          "Microsoft.CodeAnalysis.Common": "[4.14.0]",
          "System.Composition": "9.0.0"
        }
      },
      "Newtonsoft.Json": {
        "type": "Transitive",
        "resolved": "13.0.3",
        "contentHash": "HrC5BXdl00IP9zeV+0Z848QWPAoCr9P3bDEZguI+gkLcBKAOxix/tLEAAHC+UvDNPv4a2d18lOReHMOagPa+zQ=="
      },
      "NuGet.Configuration": {
        "type": "Transitive",
        "resolved": "7.0.0",
        "contentHash": "FRRK6jWt5mgyPSWW2VGujp5DlBUeI36nzbB2f0PsIOY9cKJ1ebqxM4Q1ataRr9WDrDVziF5YgVMi86VK6BJnqQ==",
        "dependencies": {
          "NuGet.Common": "7.0.0",
          "System.Security.Cryptography.ProtectedData": "9.0.6"
        }
      },
      "NuGet.Versioning": {
        "type": "Transitive",
        "resolved": "7.0.0",
        "contentHash": "vMEhpystjAmHzWARE09PjYMWOiGgM+f9rJYMcXGs8soz9/url4qmU9O9Y+hy22kPuqozCMoGcJt0JzKRZ1woZg=="
      },
      "System.Composition": {
        "type": "Transitive",
        "resolved": "9.0.0",
        "contentHash": "3Djj70fFTraOarSKmRnmRy/zm4YurICm+kiCtI0dYRqGJnLX6nJ+G3WYuFJ173cAPax/gh96REcbNiVqcrypFQ==",
        "dependencies": {
          "System.Composition.AttributedModel": "9.0.0",
          "System.Composition.Convention": "9.0.0",
          "System.Composition.Hosting": "9.0.0",
          "System.Composition.Runtime": "9.0.0",
          "System.Composition.TypedParts": "9.0.0"
        }
      },
      "System.Composition.AttributedModel": {
        "type": "Transitive",
        "resolved": "9.0.0",
        "contentHash": "iri00l/zIX9g4lHMY+Nz0qV1n40+jFYAmgsaiNn16xvt2RDwlqByNG4wgblagnDYxm3YSQQ0jLlC/7Xlk9CzyA=="
      },
      "System.Composition.Convention": {
        "type": "Transitive",
        "resolved": "9.0.0",
        "contentHash": "+vuqVP6xpi582XIjJi6OCsIxuoTZfR0M7WWufk3uGDeCl3wGW6KnpylUJ3iiXdPByPE0vR5TjJgR6hDLez4FQg==",
        "dependencies": {
          "System.Composition.AttributedModel": "9.0.0"
        }
      },
      "System.Composition.Hosting": {
        "type": "Transitive",
        "resolved": "9.0.0",
        "contentHash": "OFqSeFeJYr7kHxDfaViGM1ymk7d4JxK//VSoNF9Ux0gpqkLsauDZpu89kTHHNdCWfSljbFcvAafGyBoY094btQ==",
        "dependencies": {
          "System.Composition.Runtime": "9.0.0"
        }
      },
      "System.Composition.Runtime": {
        "type": "Transitive",
        "resolved": "9.0.0",
        "contentHash": "w1HOlQY1zsOWYussjFGZCEYF2UZXgvoYnS94NIu2CBnAGMbXFAX8PY8c92KwUItPmowal68jnVLBCzdrWLeEKA=="
      },
      "System.Composition.TypedParts": {
        "type": "Transitive",
        "resolved": "9.0.0",
        "contentHash": "aRZlojCCGEHDKqh43jaDgaVpYETsgd7Nx4g1zwLKMtv4iTo0627715ajEFNpEEBTgLmvZuv8K0EVxc3sM4NWJA==",
        "dependencies": {
          "System.Composition.AttributedModel": "9.0.0",
          "System.Composition.Hosting": "9.0.0",
          "System.Composition.Runtime": "9.0.0"
        }
      },
      "System.Security.Cryptography.Pkcs": {
        "type": "Transitive",
        "resolved": "9.0.6",
        "contentHash": "Gny8p2mX0jc5rjh+PA4Gx5GG66sj2C+e+ro7+j/3IsKT/bmQ84tGRV+XKaG+5/CTCdwkSSKDWEQ1rJd0J5jE0Q=="
      },
      "System.Security.Cryptography.ProtectedData": {
        "type": "Transitive",
        "resolved": "9.0.6",
        "contentHash": "yErfw/3pZkJE/VKza/Cm5idTpIKOy/vsmVi59Ta5SruPVtubzxb8CtnE8tyUpzs5pr0Y28GUFfSVzAhCLN3F/Q=="
      },
      "analyzersnet": {
        "type": "Project",
        "dependencies": {
          "Microsoft.CodeAnalysis": "[4.14.0, )",
          "Microsoft.CodeAnalysis.Common": "[4.14.0, )",
          "NuGet.Common": "[7.0.0, )",
          "NuGet.Frameworks": "[7.0.0, )",
          "NuGet.Packaging": "[7.0.0, )",
          "NuGet.Protocol": "[7.0.0, )",
          "Qowaiv": "[7.4.5, )"
        }
      },
      "Microsoft.CodeAnalysis": {
        "type": "CentralTransitive",
        "requested": "[4.14.0, )",
        "resolved": "4.14.0",
        "contentHash": "T6TU+xURqfdaJKibiwI77hQqqoQTK2C9FtXD25qpNI6VZjQbqsyWLiuiISxrTGWq4TbB2DUSP6VOoRJkaF/lEw==",
        "dependencies": {
          "Humanizer.Core": "2.14.1",
          "Microsoft.Bcl.AsyncInterfaces": "9.0.0",
          "Microsoft.CodeAnalysis.Analyzers": "3.11.0",
          "Microsoft.CodeAnalysis.CSharp.Workspaces": "[4.14.0]",
          "Microsoft.CodeAnalysis.VisualBasic.Workspaces": "[4.14.0]",
          "System.Composition": "9.0.0"
        }
      },
      "Microsoft.CodeAnalysis.Common": {
        "type": "CentralTransitive",
        "requested": "[4.14.0, )",
        "resolved": "4.14.0",
        "contentHash": "PC3tuwZYnC+idaPuoC/AZpEdwrtX7qFpmnrfQkgobGIWiYmGi5MCRtl5mx6QrfMGQpK78X2lfIEoZDLg/qnuHg==",
        "dependencies": {
          "Microsoft.CodeAnalysis.Analyzers": "3.11.0"
        }
      },
      "NuGet.Common": {
        "type": "CentralTransitive",
        "requested": "[7.0.0, )",
        "resolved": "7.0.0",
        "contentHash": "fvapc739l3vUWxeUIjmik/bTzKK3H/QqtcDmDD6WIxoXiz6AEXYWauFn8/4JZqBuho64e5rH5TkLdaCQXfoTmw==",
        "dependencies": {
          "NuGet.Frameworks": "7.0.0"
        }
      },
      "NuGet.Frameworks": {
        "type": "CentralTransitive",
        "requested": "[7.0.0, )",
        "resolved": "7.0.0",
        "contentHash": "y63Mw1UhQ2Qkwj8LBAk9t+ciFd74biaVpFMQywBrCQC7Y53k41qTI5DJKPtnveH65uA2bnj5h30gMI6lMp7Wcg=="
      },
      "NuGet.Packaging": {
        "type": "CentralTransitive",
        "requested": "[7.0.0, )",
        "resolved": "7.0.0",
        "contentHash": "QXXU/BJzU69X0rlMDaIRQ7vXzCY3eKNlePYW8LLuP12m6rRKcB442+BjxCS25ddCRyA+hqMSuDxJkfJxisCiKA==",
        "dependencies": {
          "Newtonsoft.Json": "13.0.3",
          "NuGet.Configuration": "7.0.0",
          "NuGet.Versioning": "7.0.0",
          "System.Security.Cryptography.Pkcs": "9.0.6"
        }
      },
      "NuGet.Protocol": {
        "type": "CentralTransitive",
        "requested": "[7.0.0, )",
        "resolved": "7.0.0",
        "contentHash": "RsLOstdNiUhyPYYG5mgdiltNn5qdW/qIUgnuSKL4nQlFaFlwQb0kCbmti5CwhlC97QjQ6RiLhvjz6ifVT0F5Tw==",
        "dependencies": {
          "NuGet.Packaging": "7.0.0"
        }
      },
      "Qowaiv": {
        "type": "CentralTransitive",
        "requested": "[7.4.5, )",
        "resolved": "7.4.5",
        "contentHash": "i6mt4r93YjuPb7q5FOvcmBX+oHh/J4K/JAtZeHGG9qLLBqS7DiSMsV2n/2dDlRHyNFcljXf73C0Kn7nZM6NFXw=="
      }
    }
  }
}