{
  "version": 2,
  "dependencies": {
    "net10.0": {
      "AsyncFixer": {
        "type": "Direct",
        "requested": "[1.6.0, )",
        "resolved": "1.6.0",
        "contentHash": "/Xfs9H3UMfEv64cwT+C/JrTRp4w08BmPuFbj0ageadCHpx6rxYJxAU2C6sEqRFG22xmGk5cX9ewzoiiehWVHOw=="
      },
      "AwesomeAssertions": {
        "type": "Direct",
        "requested": "[9.3.0, )",
        "resolved": "9.3.0",
        "contentHash": "8lGLYap2ec2gNLgjf2xKZaKLpQ7j36oJvrYzBVVpNAumqnxRdevqqhEF66qxE92f8y2+zsbQ061DeHG61ZhzaQ=="
      },
      "AwesomeAssertions.Analyzers": {
        "type": "Direct",
        "requested": "[9.0.8, )",
        "resolved": "9.0.8",
        "contentHash": "rjDBIQk8NA16LusDMh0XH1M9kZCwWdmP89pqLiv7caRzx+w68xAXUd0Za6ojwcDrEC+HSRPNBN8BFW1GnGTC7g=="
      },
      "coverlet.collector": {
        "type": "Direct",
        "requested": "[6.0.4, )",
        "resolved": "6.0.4",
        "contentHash": "lkhqpF8Pu2Y7IiN7OntbsTtdbpR1syMsm2F3IgX6ootA4ffRqWL5jF7XipHuZQTdVuWG/gVAAcf8mjk8Tz0xPg=="
      },
      "DotNetProjectFile.Analyzers": {
        "type": "Direct",
        "requested": "[1.8.0, )",
        "resolved": "1.8.0",
        "contentHash": "Gtu1uwGjnzKe8YbBGzdghpaZAe3O3jpSd5Z49xTmGYYXdoHVdrHNZCGHTHlytRAFsTa5GhjYfbepAUItwqyVdQ=="
      },
      "Microsoft.NET.Test.Sdk": {
        "type": "Direct",
        "requested": "[18.0.1, )",
        "resolved": "18.0.1",
        "contentHash": "WNpu6vI2rA0pXY4r7NKxCN16XRWl5uHu6qjuyVLoDo6oYEggIQefrMjkRuibQHm/NslIUNCcKftvoWAN80MSAg==",
        "dependencies": {
          "Microsoft.CodeCoverage": "18.0.1",
          "Microsoft.TestPlatform.TestHost": "18.0.1"
        }
      },
      "NUnit": {
        "type": "Direct",
        "requested": "[4.4.0, )",
        "resolved": "4.4.0",
        "contentHash": "7IWJcT9xWNhG9dEGdgAWdH6maCE0eVbeVnizvXACKbAyxbjoJ9+WaEb8qsCTJi3hsb18AJBtoqvWa3G7YYUQfw=="
      },
      "NUnit.Analyzers": {
        "type": "Direct",
        "requested": "[4.11.2, )",
        "resolved": "4.11.2",
        "contentHash": "D9w1tsxMyBAsINY2yyIaS59V9W4iGtuPyHs+9enuhmDAaCsSOitJKha4TUPENCAd2LrylCawur0YhCJoLMHBJA=="
      },
      "NUnit3TestAdapter": {
        "type": "Direct",
        "requested": "[5.2.0, )",
        "resolved": "5.2.0",
        "contentHash": "EyXccnlnvktvDot81n0qStquYhk0iMDY9d91kjdoc5oUEXMsxwPFNbA9H6PRMZUm4elobsFM9tt7HOS7W30mlA==",
        "dependencies": {
          "Microsoft.Testing.Extensions.VSTestBridge": "1.9.0",
          "Microsoft.Testing.Platform.MSBuild": "1.9.0"
        }
      },
      "Qowaiv.CodeGeneration.SingleValueObjects": {
        "type": "Direct",
        "requested": "[1.1.5, )",
        "resolved": "1.1.5",
        "contentHash": "ASBWAoAuOIwJ/Ln/PA8ntaxdywLKMqUCbU4oeDHVhWTyyDklhNgPj5bYGiOfWJbQJZuEkB6hwvUKbFiW1x/c1w=="
      },
      "Qowaiv.Diagnostics.Contracts": {
        "type": "Direct",
        "requested": "[2.0.6, )",
        "resolved": "2.0.6",
        "contentHash": "baPTMJTai/ePdLJhdUEZ4uwtLIavyEBWEOBYazoPtl3bySy+jNa29YbCEpzIp5zaAUwpsXVCzBdR+95eh7Os6A=="
      },
      "SonarAnalyzer.CSharp": {
        "type": "Direct",
        "requested": "[10.15.0.120848, )",
        "resolved": "10.15.0.120848",
        "contentHash": "1hM3HVRl5jdC/ZBDu+G7CCYLXRGe/QaP01Zy+c9ETPhY7lWD8g8HiefY6sGaH0T3CJ4wAy0/waGgQTh0TYy0oQ=="
      },
      "Humanizer.Core": {
        "type": "Transitive",
        "resolved": "2.14.1",
        "contentHash": "lQKvtaTDOXnoVJ20ibTuSIOf2i0uO0MPbDhd1jm238I+U/2ZnRENj0cktKZhtchBMtCUSRQ5v4xBCUbKNmyVMw=="
      },
      "Microsoft.ApplicationInsights": {
        "type": "Transitive",
        "resolved": "2.23.0",
        "contentHash": "nWArUZTdU7iqZLycLKWe0TDms48KKGE6pONH2terYNa8REXiqixrMOkf1sk5DHGMaUTqONU2YkS4SAXBhLStgw=="
      },
      "Microsoft.Bcl.AsyncInterfaces": {
        "type": "Transitive",
        "resolved": "9.0.0",
        "contentHash": "owmu2Cr3IQ8yQiBleBHlGk8dSQ12oaF2e7TpzwJKEl4m84kkZJjEY1n33L67Y3zM5jPOjmmbdHjbfiL0RqcMRQ=="
      },
      "Microsoft.CodeAnalysis.Analyzers": {
        "type": "Transitive",
        "resolved": "3.11.0",
        "contentHash": "v/EW3UE8/lbEYHoC2Qq7AR/DnmvpgdtAMndfQNmpuIMx/Mto8L5JnuCfdBYtgvalQOtfNCnxFejxuRrryvUTsg=="
      },
      "Microsoft.CodeAnalysis.CSharp.Workspaces": {
        "type": "Transitive",
        "resolved": "4.14.0",
        "contentHash": "QkgCEM4qJo6gdtblXtNgHqtykS61fxW+820hx5JN6n9DD4mQtqNB+6fPeJ3GQWg6jkkGz6oG9yZq7H3Gf0zwYw==",
        "dependencies": {
          "Humanizer.Core": "2.14.1",
          "Microsoft.CodeAnalysis.Analyzers": "3.11.0",
          "Microsoft.CodeAnalysis.CSharp": "[4.14.0]",
          "Microsoft.CodeAnalysis.Common": "[4.14.0]",
          "Microsoft.CodeAnalysis.Workspaces.Common": "[4.14.0]",
          "System.Composition": "9.0.0"
        }
      },
      "Microsoft.CodeAnalysis.VisualBasic": {
        "type": "Transitive",
        "resolved": "4.14.0",
        "contentHash": "AVGOptT9LlETb6BjTkK58XHi1xx7XO8KLbtpPfpwjNckoYoCgdkFz/LS1LfhE1Sq/OTqToqpBUJ48FvVhdKHeA==",
        "dependencies": {
          "Microsoft.CodeAnalysis.Analyzers": "3.11.0",
          "Microsoft.CodeAnalysis.Common": "[4.14.0]"
        }
      },
      "Microsoft.CodeAnalysis.VisualBasic.Workspaces": {
        "type": "Transitive",
        "resolved": "4.14.0",
        "contentHash": "fT9lTVerQJRTeGcN5aDcK05XccuWeAyCa+hbMUnRYg2qdwNuBwYjZRdjOICQmiWgka7MOyF9DQeXosad5s1Jpg==",
        "dependencies": {
          "Humanizer.Core": "2.14.1",
          "Microsoft.CodeAnalysis.Analyzers": "3.11.0",
          "Microsoft.CodeAnalysis.Common": "[4.14.0]",
          "Microsoft.CodeAnalysis.VisualBasic": "[4.14.0]",
          "Microsoft.CodeAnalysis.Workspaces.Common": "[4.14.0]",
          "System.Composition": "9.0.0"
        }
      },
      "Microsoft.CodeAnalysis.Workspaces.Common": {
        "type": "Transitive",
        "resolved": "4.14.0",
        "contentHash": "wNVK9JrqjqDC/WgBUFV6henDfrW87NPfo98nzah/+M/G1D6sBOPtXwqce3UQNn+6AjTnmkHYN1WV9XmTlPemTw==",
        "dependencies": {
          "Humanizer.Core": "2.14.1",
          "Microsoft.CodeAnalysis.Analyzers": "3.11.0",
          "Microsoft.CodeAnalysis.Common": "[4.14.0]",
          "System.Composition": "9.0.0"
        }
      },
      "Microsoft.CodeCoverage": {
        "type": "Transitive",
        "resolved": "18.0.1",
        "contentHash": "O+utSr97NAJowIQT/OVp3Lh9QgW/wALVTP4RG1m2AfFP4IyJmJz0ZBmFJUsRQiAPgq6IRC0t8AAzsiPIsaUDEA=="
      },
      "Microsoft.Testing.Extensions.Telemetry": {
        "type": "Transitive",
        "resolved": "1.9.0",
        "contentHash": "4ica7o+ZreUCsXoQLShWeLz6K5q9D/B+VgXvmpPSLsnSpK4DLZfMyltBaBr83Tnm21c1riOKcXXEk920Ael17Q==",
        "dependencies": {
          "Microsoft.ApplicationInsights": "2.23.0",
          "Microsoft.Testing.Platform": "1.9.0"
        }
      },
      "Microsoft.Testing.Extensions.TrxReport.Abstractions": {
        "type": "Transitive",
        "resolved": "1.9.0",
        "contentHash": "ZC7Xwva/+dREnZ5BU0gozA1uT2cFwt90uY9maPLy1lLpiedR/Fu3K2FiwLg70hJjT+tGblYmxzuNa8z1jQVSGw==",
        "dependencies": {
          "Microsoft.Testing.Platform": "1.9.0"
        }
      },
      "Microsoft.Testing.Extensions.VSTestBridge": {
        "type": "Transitive",
        "resolved": "1.9.0",
        "contentHash": "g5WN9QEMaEkdnWqouF6EsK46pX1vHmekQyOlehDtNl5e8PXu1ZffCqVKM74pQsh7HfCb3FKjzoZUrUJB9E75zQ==",
        "dependencies": {
          "Microsoft.TestPlatform.AdapterUtilities": "17.13.0",
          "Microsoft.TestPlatform.ObjectModel": "17.13.0",
          "Microsoft.Testing.Extensions.Telemetry": "1.9.0",
          "Microsoft.Testing.Extensions.TrxReport.Abstractions": "1.9.0",
          "Microsoft.Testing.Platform": "1.9.0"
        }
      },
      "Microsoft.Testing.Platform": {
        "type": "Transitive",
        "resolved": "1.9.0",
        "contentHash": "OE79Vc5rXwFYciAPY/mqv92XvdhK+pvCHdVHcS0bBpWwWQbnzI18FiSEEYY+lYpB0HHl0fDQgcCK3ZTYKGs8bA=="
      },
      "Microsoft.Testing.Platform.MSBuild": {
        "type": "Transitive",
        "resolved": "1.9.0",
        "contentHash": "P7c0HfBJ/AqKyRfmaA+cyl8I9jxDEyvQRJvMUH5IZCjACTPQ9wXb0xdA0CmcxhBUtm20GxWvx2fq3fMxG11hDg==",
        "dependencies": {
          "Microsoft.Testing.Platform": "1.9.0"
        }
      },
      "Microsoft.TestPlatform.AdapterUtilities": {
        "type": "Transitive",
        "resolved": "17.13.0",
        "contentHash": "bFZ3uAhosdXjyXKURDQy37fPosCJQwedB5DG/SzsXL1QXsrfsIYty2kQMqCRRUqm8sBZBRHWRp4BT9SmpWXcKQ=="
      },
      "Microsoft.TestPlatform.ObjectModel": {
        "type": "Transitive",
        "resolved": "18.0.1",
        "contentHash": "qT/mwMcLF9BieRkzOBPL2qCopl8hQu6A1P7JWAoj/FMu5i9vds/7cjbJ/LLtaiwWevWLAeD5v5wjQJ/l6jvhWQ=="
      },
      "Microsoft.TestPlatform.TestHost": {
        "type": "Transitive",
        "resolved": "18.0.1",
        "contentHash": "uDJKAEjFTaa2wHdWlfo6ektyoh+WD4/Eesrwb4FpBFKsLGehhACVnwwTI4qD3FrIlIEPlxdXg3SyrYRIcO+RRQ==",
        "dependencies": {
          "Microsoft.TestPlatform.ObjectModel": "18.0.1",
          "Newtonsoft.Json": "13.0.3"
        }
      },
      "Newtonsoft.Json": {
        "type": "Transitive",
        "resolved": "13.0.3",
        "contentHash": "HrC5BXdl00IP9zeV+0Z848QWPAoCr9P3bDEZguI+gkLcBKAOxix/tLEAAHC+UvDNPv4a2d18lOReHMOagPa+zQ=="
      },
      "NuGet.Configuration": {
        "type": "Transitive",
        "resolved": "7.0.0",
        "contentHash": "FRRK6jWt5mgyPSWW2VGujp5DlBUeI36nzbB2f0PsIOY9cKJ1ebqxM4Q1ataRr9WDrDVziF5YgVMi86VK6BJnqQ==",
        "dependencies": {
          "NuGet.Common": "7.0.0",
          "System.Security.Cryptography.ProtectedData": "9.0.6"
        }
      },
      "NuGet.Versioning": {
        "type": "Transitive",
        "resolved": "7.0.0",
        "contentHash": "vMEhpystjAmHzWARE09PjYMWOiGgM+f9rJYMcXGs8soz9/url4qmU9O9Y+hy22kPuqozCMoGcJt0JzKRZ1woZg=="
      },
      "System.Composition": {
        "type": "Transitive",
        "resolved": "9.0.0",
        "contentHash": "3Djj70fFTraOarSKmRnmRy/zm4YurICm+kiCtI0dYRqGJnLX6nJ+G3WYuFJ173cAPax/gh96REcbNiVqcrypFQ==",
        "dependencies": {
          "System.Composition.AttributedModel": "9.0.0",
          "System.Composition.Convention": "9.0.0",
          "System.Composition.Hosting": "9.0.0",
          "System.Composition.Runtime": "9.0.0",
          "System.Composition.TypedParts": "9.0.0"
        }
      },
      "System.Composition.AttributedModel": {
        "type": "Transitive",
        "resolved": "9.0.0",
        "contentHash": "iri00l/zIX9g4lHMY+Nz0qV1n40+jFYAmgsaiNn16xvt2RDwlqByNG4wgblagnDYxm3YSQQ0jLlC/7Xlk9CzyA=="
      },
      "System.Composition.Convention": {
        "type": "Transitive",
        "resolved": "9.0.0",
        "contentHash": "+vuqVP6xpi582XIjJi6OCsIxuoTZfR0M7WWufk3uGDeCl3wGW6KnpylUJ3iiXdPByPE0vR5TjJgR6hDLez4FQg==",
        "dependencies": {
          "System.Composition.AttributedModel": "9.0.0"
        }
      },
      "System.Composition.Hosting": {
        "type": "Transitive",
        "resolved": "9.0.0",
        "contentHash": "OFqSeFeJYr7kHxDfaViGM1ymk7d4JxK//VSoNF9Ux0gpqkLsauDZpu89kTHHNdCWfSljbFcvAafGyBoY094btQ==",
        "dependencies": {
          "System.Composition.Runtime": "9.0.0"
        }
      },
      "System.Composition.Runtime": {
        "type": "Transitive",
        "resolved": "9.0.0",
        "contentHash": "w1HOlQY1zsOWYussjFGZCEYF2UZXgvoYnS94NIu2CBnAGMbXFAX8PY8c92KwUItPmowal68jnVLBCzdrWLeEKA=="
      },
      "System.Composition.TypedParts": {
        "type": "Transitive",
        "resolved": "9.0.0",
        "contentHash": "aRZlojCCGEHDKqh43jaDgaVpYETsgd7Nx4g1zwLKMtv4iTo0627715ajEFNpEEBTgLmvZuv8K0EVxc3sM4NWJA==",
        "dependencies": {
          "System.Composition.AttributedModel": "9.0.0",
          "System.Composition.Hosting": "9.0.0",
          "System.Composition.Runtime": "9.0.0"
        }
      },
      "System.Security.Cryptography.Pkcs": {
        "type": "Transitive",
        "resolved": "9.0.6",
        "contentHash": "Gny8p2mX0jc5rjh+PA4Gx5GG66sj2C+e+ro7+j/3IsKT/bmQ84tGRV+XKaG+5/CTCdwkSSKDWEQ1rJd0J5jE0Q=="
      },
      "System.Security.Cryptography.ProtectedData": {
        "type": "Transitive",
        "resolved": "9.0.6",
        "contentHash": "yErfw/3pZkJE/VKza/Cm5idTpIKOy/vsmVi59Ta5SruPVtubzxb8CtnE8tyUpzs5pr0Y28GUFfSVzAhCLN3F/Q=="
      },
      "analyzersnet": {
        "type": "Project",
        "dependencies": {
          "Microsoft.CodeAnalysis": "[4.14.0, )",
          "Microsoft.CodeAnalysis.Common": "[4.14.0, )",
          "NuGet.Common": "[7.0.0, )",
          "NuGet.Frameworks": "[7.0.0, )",
          "NuGet.Packaging": "[7.0.0, )",
          "NuGet.Protocol": "[7.0.0, )",
          "Qowaiv": "[7.4.5, )"
        }
      },
      "analyzersnet.nugetcollector": {
        "type": "Project",
        "dependencies": {
          "AnalyzersNet": "[1.0.0, )",
          "Microsoft.CodeAnalysis.CSharp": "[4.14.0, )"
        }
      },
      "Microsoft.CodeAnalysis": {
        "type": "CentralTransitive",
        "requested": "[4.14.0, )",
        "resolved": "4.14.0",
        "contentHash": "T6TU+xURqfdaJKibiwI77hQqqoQTK2C9FtXD25qpNI6VZjQbqsyWLiuiISxrTGWq4TbB2DUSP6VOoRJkaF/lEw==",
        "dependencies": {
          "Humanizer.Core": "2.14.1",
          "Microsoft.Bcl.AsyncInterfaces": "9.0.0",
          "Microsoft.CodeAnalysis.Analyzers": "3.11.0",
          "Microsoft.CodeAnalysis.CSharp.Workspaces": "[4.14.0]",
          "Microsoft.CodeAnalysis.VisualBasic.Workspaces": "[4.14.0]",
          "System.Composition": "9.0.0"
        }
      },
      "Microsoft.CodeAnalysis.Common": {
        "type": "CentralTransitive",
        "requested": "[4.14.0, )",
        "resolved": "4.14.0",
        "contentHash": "PC3tuwZYnC+idaPuoC/AZpEdwrtX7qFpmnrfQkgobGIWiYmGi5MCRtl5mx6QrfMGQpK78X2lfIEoZDLg/qnuHg==",
        "dependencies": {
          "Microsoft.CodeAnalysis.Analyzers": "3.11.0"
        }
      },
      "Microsoft.CodeAnalysis.CSharp": {
        "type": "CentralTransitive",
        "requested": "[4.14.0, )",
        "resolved": "4.14.0",
        "contentHash": "568a6wcTivauIhbeWcCwfWwIn7UV7MeHEBvFB2uzGIpM2OhJ4eM/FZ8KS0yhPoNxnSpjGzz7x7CIjTxhslojQA==",
        "dependencies": {
          "Microsoft.CodeAnalysis.Analyzers": "3.11.0",
          "Microsoft.CodeAnalysis.Common": "[4.14.0]"
        }
      },
      "NuGet.Common": {
        "type": "CentralTransitive",
        "requested": "[7.0.0, )",
        "resolved": "7.0.0",
        "contentHash": "fvapc739l3vUWxeUIjmik/bTzKK3H/QqtcDmDD6WIxoXiz6AEXYWauFn8/4JZqBuho64e5rH5TkLdaCQXfoTmw==",
        "dependencies": {
          "NuGet.Frameworks": "7.0.0"
        }
      },
      "NuGet.Frameworks": {
        "type": "CentralTransitive",
        "requested": "[7.0.0, )",
        "resolved": "7.0.0",
        "contentHash": "y63Mw1UhQ2Qkwj8LBAk9t+ciFd74biaVpFMQywBrCQC7Y53k41qTI5DJKPtnveH65uA2bnj5h30gMI6lMp7Wcg=="
      },
      "NuGet.Packaging": {
        "type": "CentralTransitive",
        "requested": "[7.0.0, )",
        "resolved": "7.0.0",
        "contentHash": "QXXU/BJzU69X0rlMDaIRQ7vXzCY3eKNlePYW8LLuP12m6rRKcB442+BjxCS25ddCRyA+hqMSuDxJkfJxisCiKA==",
        "dependencies": {
          "Newtonsoft.Json": "13.0.3",
          "NuGet.Configuration": "7.0.0",
          "NuGet.Versioning": "7.0.0",
          "System.Security.Cryptography.Pkcs": "9.0.6"
        }
      },
      "NuGet.Protocol": {
        "type": "CentralTransitive",
        "requested": "[7.0.0, )",
        "resolved": "7.0.0",
        "contentHash": "RsLOstdNiUhyPYYG5mgdiltNn5qdW/qIUgnuSKL4nQlFaFlwQb0kCbmti5CwhlC97QjQ6RiLhvjz6ifVT0F5Tw==",
        "dependencies": {
          "NuGet.Packaging": "7.0.0"
        }
      },
      "Qowaiv": {
        "type": "CentralTransitive",
        "requested": "[7.4.5, )",
        "resolved": "7.4.5",
        "contentHash": "i6mt4r93YjuPb7q5FOvcmBX+oHh/J4K/JAtZeHGG9qLLBqS7DiSMsV2n/2dDlRHyNFcljXf73C0Kn7nZM6NFXw=="
      }
    }
  }
}